
Microsoft Visual Studio Solution File, Format Version 12.00
# Visual Studio Version 17
VisualStudioVersion = 17.0.31903.59
MinimumVisualStudioVersion = 10.0.40219.1
Project("{2150E333-8FDC-42A3-9474-1A3956D46DE8}") = "Core", "Core", "{B2BAA764-1766-4CAE-9382-901976D7981E}"
EndProject
Project("{FAE04EC0-301F-11D3-BF4B-00C04F79EFBC}") = "NuevoMMO.Core", "Core\NuevoMMO.Core\NuevoMMO.Core.csproj", "{A11C0A11-0001-4000-8000-000000000001}"
EndProject
Project("{2150E333-8FDC-42A3-9474-1A3956D46DE8}") = "Network", "Network", "{BDB48716-042A-4E07-9254-59FD0DDE8A32}"
EndProject
Project("{FAE04EC0-301F-11D3-BF4B-00C04F79EFBC}") = "NuevoMMO.Network", "Network\NuevoMMO.Network\NuevoMMO.Network.csproj", "{A11C0A11-0001-4000-8000-000000000002}"
EndProject
Project("{2150E333-8FDC-42A3-9474-1A3956D46DE8}") = "Server", "Server", "{4063937E-3222-4BBE-B1D6-39E9D528BD08}"
EndProject
Project("{FAE04EC0-301F-11D3-BF4B-00C04F79EFBC}") = "NuevoMMO.Server", "Server\NuevoMMO.Server\NuevoMMO.Server.csproj", "{11678C64-E735-4631-A250-26CE5FD5D88E}"
EndProject
Project("{2150E333-8FDC-42A3-9474-1A3956D46DE8}") = "Client", "Client", "{8C3208C2-2D2F-4934-B5AF-65980A9E50C9}"
EndProject
Project("{FAE04EC0-301F-11D3-BF4B-00C04F79EFBC}") = "NuevoMMO.Client.Core", "Client\mmo\core\NuevoMMO.Client.Core.csproj", "{57836B75-AA21-4E9C-AF0B-D6F5EBEE05F8}"
EndProject
Project("{FAE04EC0-301F-11D3-BF4B-00C04F79EFBC}") = "NuevoMMO.Client", "Client\NuevoMMO.Client.csproj", "{BB1DA855-3196-4837-AD63-0B0F6868BE7D}"
EndProject
Project("{2150E333-8FDC-42A3-9474-1A3956D46DE8}") = "Editor", "Editor", "{C0E1D170-0001-4000-8000-000000000003}"
EndProject
Project("{FAE04EC0-301F-11D3-BF4B-00C04F79EFBC}") = "NuevoMMO.Editor", "Editor\NuevoMMO.Editor\NuevoMMO.Editor.csproj", "{A11C0A11-0001-4000-8000-000000000004}"
EndProject
Project("{2150E333-8FDC-42A3-9474-1A3956D46DE8}") = "Tests", "Tests", "{1120F050-F185-42CB-BC84-4FE8CAC25EAC}"
EndProject
Project("{FAE04EC0-301F-11D3-BF4B-00C04F79EFBC}") = "NuevoMMO.Tests", "Tests\NuevoMMO.Tests\NuevoMMO.Tests.csproj", "{1A17B239-4E58-4B49-9209-14D2F282923E}"
EndProject
Global
	GlobalSection(SolutionConfigurationPlatforms) = preSolution
		Debug|Any CPU = Debug|Any CPU
		Release|Any CPU = Release|Any CPU
	EndGlobalSection
	GlobalSection(SolutionProperties) = preSolution
		HideSolutionNode = FALSE
		StartupProject = NuevoMMO.Server
	EndGlobalSection
	GlobalSection(ProjectConfigurationPlatforms) = postSolution
		{A11C0A11-0001-4000-8000-000000000001}.Debug|Any CPU.ActiveCfg = Debug|Any CPU
		{A11C0A11-0001-4000-8000-000000000001}.Debug|Any CPU.Build.0 = Debug|Any CPU
		{A11C0A11-0001-4000-8000-000000000001}.Release|Any CPU.ActiveCfg = Release|Any CPU
		{A11C0A11-0001-4000-8000-000000000001}.Release|Any CPU.Build.0 = Release|Any CPU
		{A11C0A11-0001-4000-8000-000000000002}.Debug|Any CPU.ActiveCfg = Debug|Any CPU
		{A11C0A11-0001-4000-8000-000000000002}.Debug|Any CPU.Build.0 = Debug|Any CPU
		{A11C0A11-0001-4000-8000-000000000002}.Release|Any CPU.ActiveCfg = Release|Any CPU
		{A11C0A11-0001-4000-8000-000000000002}.Release|Any CPU.Build.0 = Release|Any CPU
		{11678C64-E735-4631-A250-26CE5FD5D88E}.Debug|Any CPU.ActiveCfg = Debug|Any CPU
		{11678C64-E735-4631-A250-26CE5FD5D88E}.Debug|Any CPU.Build.0 = Debug|Any CPU
		{11678C64-E735-4631-A250-26CE5FD5D88E}.Release|Any CPU.ActiveCfg = Release|Any CPU
		{11678C64-E735-4631-A250-26CE5FD5D88E}.Release|Any CPU.Build.0 = Release|Any CPU
		{57836B75-AA21-4E9C-AF0B-D6F5EBEE05F8}.Debug|Any CPU.ActiveCfg = Debug|Any CPU
		{57836B75-AA21-4E9C-AF0B-D6F5EBEE05F8}.Debug|Any CPU.Build.0 = Debug|Any CPU
		{57836B75-AA21-4E9C-AF0B-D6F5EBEE05F8}.Release|Any CPU.ActiveCfg = Release|Any CPU
		{57836B75-AA21-4E9C-AF0B-D6F5EBEE05F8}.Release|Any CPU.Build.0 = Release|Any CPU
		{BB1DA855-3196-4837-AD63-0B0F6868BE7D}.Debug|Any CPU.ActiveCfg = Debug|Any CPU
		{BB1DA855-3196-4837-AD63-0B0F6868BE7D}.Debug|Any CPU.Build.0 = Debug|Any CPU
		{BB1DA855-3196-4837-AD63-0B0F6868BE7D}.Release|Any CPU.ActiveCfg = Debug|Any CPU
		{BB1DA855-3196-4837-AD63-0B0F6868BE7D}.Release|Any CPU.Build.0 = Debug|Any CPU
		{A11C0A11-0001-4000-8000-000000000004}.Debug|Any CPU.ActiveCfg = Debug|Any CPU
		{A11C0A11-0001-4000-8000-000000000004}.Debug|Any CPU.Build.0 = Debug|Any CPU
		{A11C0A11-0001-4000-8000-000000000004}.Release|Any CPU.ActiveCfg = Release|Any CPU
		{A11C0A11-0001-4000-8000-000000000004}.Release|Any CPU.Build.0 = Release|Any CPU
		{1A17B239-4E58-4B49-9209-14D2F282923E}.Debug|Any CPU.ActiveCfg = Debug|Any CPU
		{1A17B239-4E58-4B49-9209-14D2F282923E}.Debug|Any CPU.Build.0 = Debug|Any CPU
		{1A17B239-4E58-4B49-9209-14D2F282923E}.Release|Any CPU.ActiveCfg = Release|Any CPU
		{1A17B239-4E58-4B49-9209-14D2F282923E}.Release|Any CPU.Build.0 = Release|Any CPU
	EndGlobalSection
	GlobalSection(NestedProjects) = preSolution
		{A11C0A11-0001-4000-8000-000000000001} = {B2BAA764-1766-4CAE-9382-901976D7981E}
		{A11C0A11-0001-4000-8000-000000000002} = {BDB48716-042A-4E07-9254-59FD0DDE8A32}
		{11678C64-E735-4631-A250-26CE5FD5D88E} = {4063937E-3222-4BBE-B1D6-39E9D528BD08}
		{57836B75-AA21-4E9C-AF0B-D6F5EBEE05F8} = {8C3208C2-2D2F-4934-B5AF-65980A9E50C9}
		{BB1DA855-3196-4837-AD63-0B0F6868BE7D} = {8C3208C2-2D2F-4934-B5AF-65980A9E50C9}
		{A11C0A11-0001-4000-8000-000000000004} = {C0E1D170-0001-4000-8000-000000000003}
		{1A17B239-4E58-4B49-9209-14D2F282923E} = {1120F050-F185-42CB-BC84-4FE8CAC25EAC}
	EndGlobalSection
EndGlobal
