
Microsoft Visual Studio Solution File, Format Version 12.00
# Visual Studio Version 17
VisualStudioVersion = 17.0.31903.59
MinimumVisualStudioVersion = 10.0.40219.1
Project("{2150E333-8FDC-42A3-9474-1A3956D46DE8}") = "shared", "shared", "{BDB48716-042A-4E07-9254-59FD0DDE8A32}"
EndProject
Project("{FAE04EC0-301F-11D3-BF4B-00C04F79EFBC}") = "NuevoMMO.Contracts", "shared\NuevoMMO.Contracts\NuevoMMO.Contracts.csproj", "{7141BEE9-193D-4BF3-B360-213796FF0FDE}"
EndProject
Project("{FAE04EC0-301F-11D3-BF4B-00C04F79EFBC}") = "NuevoMMO.Protocol", "shared\NuevoMMO.Protocol\NuevoMMO.Protocol.csproj", "{D46F5357-F1CB-40D5-8B30-30DE5BCC7814}"
EndProject
Project("{2150E333-8FDC-42A3-9474-1A3956D46DE8}") = "core", "core", "{B2BAA764-1766-4CAE-9382-901976D7981E}"
EndProject
Project("{FAE04EC0-301F-11D3-BF4B-00C04F79EFBC}") = "NuevoMMO.Domain", "core\NuevoMMO.Domain\NuevoMMO.Domain.csproj", "{122045FF-6CAD-465D-B34D-B1CBD7298D94}"
EndProject
Project("{FAE04EC0-301F-11D3-BF4B-00C04F79EFBC}") = "NuevoMMO.Simulation", "core\NuevoMMO.Simulation\NuevoMMO.Simulation.csproj", "{36BCE35B-20AB-4EBF-96EB-69A122655C53}"
EndProject
Project("{2150E333-8FDC-42A3-9474-1A3956D46DE8}") = "server", "server", "{4063937E-3222-4BBE-B1D6-39E9D528BD08}"
EndProject
Project("{FAE04EC0-301F-11D3-BF4B-00C04F79EFBC}") = "NuevoMMO.Application", "server\NuevoMMO.Application\NuevoMMO.Application.csproj", "{8B3800D4-BB4A-4EF4-9804-4914B79ED7AF}"
EndProject
Project("{FAE04EC0-301F-11D3-BF4B-00C04F79EFBC}") = "NuevoMMO.Server", "server\NuevoMMO.Server\NuevoMMO.Server.csproj", "{11678C64-E735-4631-A250-26CE5FD5D88E}"
EndProject
Project("{2150E333-8FDC-42A3-9474-1A3956D46DE8}") = "client", "client", "{8C3208C2-2D2F-4934-B5AF-65980A9E50C9}"
EndProject
Project("{2150E333-8FDC-42A3-9474-1A3956D46DE8}") = "mmo", "mmo", "{1FA5D3EA-06BA-4016-9AEA-2E9B7B09D003}"
EndProject
Project("{FAE04EC0-301F-11D3-BF4B-00C04F79EFBC}") = "NuevoMMO.Client.Core", "client\mmo\core\NuevoMMO.Client.Core.csproj", "{57836B75-AA21-4E9C-AF0B-D6F5EBEE05F8}"
EndProject
Project("{FAE04EC0-301F-11D3-BF4B-00C04F79EFBC}") = "NuevoMMO.Client", "client\NuevoMMO.Client.csproj", "{BB1DA855-3196-4837-AD63-0B0F6868BE7D}"
EndProject
Project("{2150E333-8FDC-42A3-9474-1A3956D46DE8}") = "tests", "tests", "{1120F050-F185-42CB-BC84-4FE8CAC25EAC}"
EndProject
Project("{FAE04EC0-301F-11D3-BF4B-00C04F79EFBC}") = "NuevoMMO.Tests", "tests\NuevoMMO.Tests\NuevoMMO.Tests.csproj", "{1A17B239-4E58-4B49-9209-14D2F282923E}"
EndProject
Global
	GlobalSection(SolutionConfigurationPlatforms) = preSolution
		Debug|Any CPU = Debug|Any CPU
		Release|Any CPU = Release|Any CPU
	EndGlobalSection
	GlobalSection(SolutionProperties) = preSolution
		HideSolutionNode = FALSE
	EndGlobalSection
	GlobalSection(ProjectConfigurationPlatforms) = postSolution
		{7141BEE9-193D-4BF3-B360-213796FF0FDE}.Debug|Any CPU.ActiveCfg = Debug|Any CPU
		{7141BEE9-193D-4BF3-B360-213796FF0FDE}.Debug|Any CPU.Build.0 = Debug|Any CPU
		{7141BEE9-193D-4BF3-B360-213796FF0FDE}.Release|Any CPU.ActiveCfg = Release|Any CPU
		{7141BEE9-193D-4BF3-B360-213796FF0FDE}.Release|Any CPU.Build.0 = Release|Any CPU
		{D46F5357-F1CB-40D5-8B30-30DE5BCC7814}.Debug|Any CPU.ActiveCfg = Debug|Any CPU
		{D46F5357-F1CB-40D5-8B30-30DE5BCC7814}.Debug|Any CPU.Build.0 = Debug|Any CPU
		{D46F5357-F1CB-40D5-8B30-30DE5BCC7814}.Release|Any CPU.ActiveCfg = Release|Any CPU
		{D46F5357-F1CB-40D5-8B30-30DE5BCC7814}.Release|Any CPU.Build.0 = Release|Any CPU
		{122045FF-6CAD-465D-B34D-B1CBD7298D94}.Debug|Any CPU.ActiveCfg = Debug|Any CPU
		{122045FF-6CAD-465D-B34D-B1CBD7298D94}.Debug|Any CPU.Build.0 = Debug|Any CPU
		{122045FF-6CAD-465D-B34D-B1CBD7298D94}.Release|Any CPU.ActiveCfg = Release|Any CPU
		{122045FF-6CAD-465D-B34D-B1CBD7298D94}.Release|Any CPU.Build.0 = Release|Any CPU
		{36BCE35B-20AB-4EBF-96EB-69A122655C53}.Debug|Any CPU.ActiveCfg = Debug|Any CPU
		{36BCE35B-20AB-4EBF-96EB-69A122655C53}.Debug|Any CPU.Build.0 = Debug|Any CPU
		{36BCE35B-20AB-4EBF-96EB-69A122655C53}.Release|Any CPU.ActiveCfg = Release|Any CPU
		{36BCE35B-20AB-4EBF-96EB-69A122655C53}.Release|Any CPU.Build.0 = Release|Any CPU
		{8B3800D4-BB4A-4EF4-9804-4914B79ED7AF}.Debug|Any CPU.ActiveCfg = Debug|Any CPU
		{8B3800D4-BB4A-4EF4-9804-4914B79ED7AF}.Debug|Any CPU.Build.0 = Debug|Any CPU
		{8B3800D4-BB4A-4EF4-9804-4914B79ED7AF}.Release|Any CPU.ActiveCfg = Release|Any CPU
		{8B3800D4-BB4A-4EF4-9804-4914B79ED7AF}.Release|Any CPU.Build.0 = Release|Any CPU
		{11678C64-E735-4631-A250-26CE5FD5D88E}.Debug|Any CPU.ActiveCfg = Debug|Any CPU
		{11678C64-E735-4631-A250-26CE5FD5D88E}.Debug|Any CPU.Build.0 = Debug|Any CPU
		{11678C64-E735-4631-A250-26CE5FD5D88E}.Release|Any CPU.ActiveCfg = Release|Any CPU
		{11678C64-E735-4631-A250-26CE5FD5D88E}.Release|Any CPU.Build.0 = Release|Any CPU
		{57836B75-AA21-4E9C-AF0B-D6F5EBEE05F8}.Debug|Any CPU.ActiveCfg = Debug|Any CPU
		{57836B75-AA21-4E9C-AF0B-D6F5EBEE05F8}.Debug|Any CPU.Build.0 = Debug|Any CPU
		{57836B75-AA21-4E9C-AF0B-D6F5EBEE05F8}.Release|Any CPU.ActiveCfg = Release|Any CPU
		{57836B75-AA21-4E9C-AF0B-D6F5EBEE05F8}.Release|Any CPU.Build.0 = Release|Any CPU
		{BB1DA855-3196-4837-AD63-0B0F6868BE7D}.Debug|Any CPU.ActiveCfg = Debug|Any CPU
		{BB1DA855-3196-4837-AD63-0B0F6868BE7D}.Debug|Any CPU.Build.0 = Debug|Any CPU
		{BB1DA855-3196-4837-AD63-0B0F6868BE7D}.Release|Any CPU.ActiveCfg = Debug|Any CPU
		{BB1DA855-3196-4837-AD63-0B0F6868BE7D}.Release|Any CPU.Build.0 = Debug|Any CPU
		{1A17B239-4E58-4B49-9209-14D2F282923E}.Debug|Any CPU.ActiveCfg = Debug|Any CPU
		{1A17B239-4E58-4B49-9209-14D2F282923E}.Debug|Any CPU.Build.0 = Debug|Any CPU
		{1A17B239-4E58-4B49-9209-14D2F282923E}.Release|Any CPU.ActiveCfg = Release|Any CPU
		{1A17B239-4E58-4B49-9209-14D2F282923E}.Release|Any CPU.Build.0 = Release|Any CPU
	EndGlobalSection
	GlobalSection(NestedProjects) = preSolution
		{7141BEE9-193D-4BF3-B360-213796FF0FDE} = {BDB48716-042A-4E07-9254-59FD0DDE8A32}
		{D46F5357-F1CB-40D5-8B30-30DE5BCC7814} = {BDB48716-042A-4E07-9254-59FD0DDE8A32}
		{122045FF-6CAD-465D-B34D-B1CBD7298D94} = {B2BAA764-1766-4CAE-9382-901976D7981E}
		{36BCE35B-20AB-4EBF-96EB-69A122655C53} = {B2BAA764-1766-4CAE-9382-901976D7981E}
		{8B3800D4-BB4A-4EF4-9804-4914B79ED7AF} = {4063937E-3222-4BBE-B1D6-39E9D528BD08}
		{11678C64-E735-4631-A250-26CE5FD5D88E} = {4063937E-3222-4BBE-B1D6-39E9D528BD08}
		{1FA5D3EA-06BA-4016-9AEA-2E9B7B09D003} = {8C3208C2-2D2F-4934-B5AF-65980A9E50C9}
		{57836B75-AA21-4E9C-AF0B-D6F5EBEE05F8} = {1FA5D3EA-06BA-4016-9AEA-2E9B7B09D003}
		{1A17B239-4E58-4B49-9209-14D2F282923E} = {1120F050-F185-42CB-BC84-4FE8CAC25EAC}
	EndGlobalSection
EndGlobal
